
Microsoft Visual Studio Solution File, Format Version 12.00
# Visual Studio Version 16
VisualStudioVersion = 16.0.29326.143
MinimumVisualStudioVersion = 10.0.40219.1
Project("{8BC9CEB8-8B4A-11D0-8D11-00A0C91BC942}") = "顺序容器及string类的构造函数理解", "顺序容器及string类的构造函数理解\顺序容器及string类的构造函数理解.vcxproj", "{027F50CF-3445-416D-87F9-37CEFD83E438}"
EndProject
Global
	GlobalSection(SolutionConfigurationPlatforms) = preSolution
		Debug|x64 = Debug|x64
		Debug|x86 = Debug|x86
		Release|x64 = Release|x64
		Release|x86 = Release|x86
	EndGlobalSection
	GlobalSection(ProjectConfigurationPlatforms) = postSolution
		{027F50CF-3445-416D-87F9-37CEFD83E438}.Debug|x64.ActiveCfg = Debug|x64
		{027F50CF-3445-416D-87F9-37CEFD83E438}.Debug|x64.Build.0 = Debug|x64
		{027F50CF-3445-416D-87F9-37CEFD83E438}.Debug|x86.ActiveCfg = Debug|Win32
		{027F50CF-3445-416D-87F9-37CEFD83E438}.Debug|x86.Build.0 = Debug|Win32
		{027F50CF-3445-416D-87F9-37CEFD83E438}.Release|x64.ActiveCfg = Release|x64
		{027F50CF-3445-416D-87F9-37CEFD83E438}.Release|x64.Build.0 = Release|x64
		{027F50CF-3445-416D-87F9-37CEFD83E438}.Release|x86.ActiveCfg = Release|Win32
		{027F50CF-3445-416D-87F9-37CEFD83E438}.Release|x86.Build.0 = Release|Win32
	EndGlobalSection
	GlobalSection(SolutionProperties) = preSolution
		HideSolutionNode = FALSE
	EndGlobalSection
	GlobalSection(ExtensibilityGlobals) = postSolution
		SolutionGuid = {65BF53BB-6080-48A8-9E95-8E92E9692F2F}
	EndGlobalSection
EndGlobal
