
Microsoft Visual Studio Solution File, Format Version 12.00
# Visual Studio Version 16
VisualStudioVersion = 16.0.29326.143
MinimumVisualStudioVersion = 10.0.40219.1
Project("{8BC9CEB8-8B4A-11D0-8D11-00A0C91BC942}") = "每日一题1", "每日一题1\每日一题1.vcxproj", "{88B84717-7F43-40D9-B298-D0E95CBD3A88}"
EndProject
Project("{8BC9CEB8-8B4A-11D0-8D11-00A0C91BC942}") = "每日一题2", "..\每日一题2\每日一题2.vcxproj", "{E2633A7C-6CEA-436B-8C57-C97C805A587D}"
EndProject
Project("{8BC9CEB8-8B4A-11D0-8D11-00A0C91BC942}") = "每日一题3", "每日一题3\每日一题3.vcxproj", "{DEBB3AF8-6D5B-4609-9419-49DCB3A79047}"
EndProject
Global
	GlobalSection(SolutionConfigurationPlatforms) = preSolution
		Debug|x64 = Debug|x64
		Debug|x86 = Debug|x86
		Release|x64 = Release|x64
		Release|x86 = Release|x86
	EndGlobalSection
	GlobalSection(ProjectConfigurationPlatforms) = postSolution
		{88B84717-7F43-40D9-B298-D0E95CBD3A88}.Debug|x64.ActiveCfg = Debug|x64
		{88B84717-7F43-40D9-B298-D0E95CBD3A88}.Debug|x64.Build.0 = Debug|x64
		{88B84717-7F43-40D9-B298-D0E95CBD3A88}.Debug|x86.ActiveCfg = Debug|Win32
		{88B84717-7F43-40D9-B298-D0E95CBD3A88}.Debug|x86.Build.0 = Debug|Win32
		{88B84717-7F43-40D9-B298-D0E95CBD3A88}.Release|x64.ActiveCfg = Release|x64
		{88B84717-7F43-40D9-B298-D0E95CBD3A88}.Release|x64.Build.0 = Release|x64
		{88B84717-7F43-40D9-B298-D0E95CBD3A88}.Release|x86.ActiveCfg = Release|Win32
		{88B84717-7F43-40D9-B298-D0E95CBD3A88}.Release|x86.Build.0 = Release|Win32
		{E2633A7C-6CEA-436B-8C57-C97C805A587D}.Debug|x64.ActiveCfg = Debug|x64
		{E2633A7C-6CEA-436B-8C57-C97C805A587D}.Debug|x64.Build.0 = Debug|x64
		{E2633A7C-6CEA-436B-8C57-C97C805A587D}.Debug|x86.ActiveCfg = Debug|Win32
		{E2633A7C-6CEA-436B-8C57-C97C805A587D}.Debug|x86.Build.0 = Debug|Win32
		{E2633A7C-6CEA-436B-8C57-C97C805A587D}.Release|x64.ActiveCfg = Release|x64
		{E2633A7C-6CEA-436B-8C57-C97C805A587D}.Release|x64.Build.0 = Release|x64
		{E2633A7C-6CEA-436B-8C57-C97C805A587D}.Release|x86.ActiveCfg = Release|Win32
		{E2633A7C-6CEA-436B-8C57-C97C805A587D}.Release|x86.Build.0 = Release|Win32
		{DEBB3AF8-6D5B-4609-9419-49DCB3A79047}.Debug|x64.ActiveCfg = Debug|x64
		{DEBB3AF8-6D5B-4609-9419-49DCB3A79047}.Debug|x64.Build.0 = Debug|x64
		{DEBB3AF8-6D5B-4609-9419-49DCB3A79047}.Debug|x86.ActiveCfg = Debug|Win32
		{DEBB3AF8-6D5B-4609-9419-49DCB3A79047}.Debug|x86.Build.0 = Debug|Win32
		{DEBB3AF8-6D5B-4609-9419-49DCB3A79047}.Release|x64.ActiveCfg = Release|x64
		{DEBB3AF8-6D5B-4609-9419-49DCB3A79047}.Release|x64.Build.0 = Release|x64
		{DEBB3AF8-6D5B-4609-9419-49DCB3A79047}.Release|x86.ActiveCfg = Release|Win32
		{DEBB3AF8-6D5B-4609-9419-49DCB3A79047}.Release|x86.Build.0 = Release|Win32
	EndGlobalSection
	GlobalSection(SolutionProperties) = preSolution
		HideSolutionNode = FALSE
	EndGlobalSection
	GlobalSection(ExtensibilityGlobals) = postSolution
		SolutionGuid = {6E0068DB-8C3F-45D9-93F3-E4D2C2060DA7}
	EndGlobalSection
EndGlobal
